
Microsoft Visual Studio Solution File, Format Version 12.00
# Visual Studio Version 17
VisualStudioVersion = 17.5.002.0
MinimumVisualStudioVersion = 10.0.40219.1
Project("{9A19103F-16F7-4668-BE54-9A1E7A4F7556}") = "yyLib", "yyLib\yyLib.csproj", "{A029C0C4-22A3-4543-A19C-20CC233E053D}"
EndProject
Project("{9A19103F-16F7-4668-BE54-9A1E7A4F7556}") = "yyLibConsole", "yyLibConsole\yyLibConsole.csproj", "{09C105DB-B5F0-4FE4-82ED-0E15243343F5}"
EndProject
Global
	GlobalSection(SolutionConfigurationPlatforms) = preSolution
		Debug|Any CPU = Debug|Any CPU
		Release|Any CPU = Release|Any CPU
	EndGlobalSection
	GlobalSection(ProjectConfigurationPlatforms) = postSolution
		{A029C0C4-22A3-4543-A19C-20CC233E053D}.Debug|Any CPU.ActiveCfg = Debug|Any CPU
		{A029C0C4-22A3-4543-A19C-20CC233E053D}.Debug|Any CPU.Build.0 = Debug|Any CPU
		{A029C0C4-22A3-4543-A19C-20CC233E053D}.Release|Any CPU.ActiveCfg = Release|Any CPU
		{A029C0C4-22A3-4543-A19C-20CC233E053D}.Release|Any CPU.Build.0 = Release|Any CPU
		{09C105DB-B5F0-4FE4-82ED-0E15243343F5}.Debug|Any CPU.ActiveCfg = Debug|Any CPU
		{09C105DB-B5F0-4FE4-82ED-0E15243343F5}.Debug|Any CPU.Build.0 = Debug|Any CPU
		{09C105DB-B5F0-4FE4-82ED-0E15243343F5}.Release|Any CPU.ActiveCfg = Release|Any CPU
		{09C105DB-B5F0-4FE4-82ED-0E15243343F5}.Release|Any CPU.Build.0 = Release|Any CPU
	EndGlobalSection
	GlobalSection(SolutionProperties) = preSolution
		HideSolutionNode = FALSE
	EndGlobalSection
	GlobalSection(ExtensibilityGlobals) = postSolution
		SolutionGuid = {25A428BA-CA04-4F64-AEAD-A2458055C76E}
	EndGlobalSection
EndGlobal
